# Generated by move; do not edit
# This file should be checked in.

[move]
version = 4

[pinned.mainnet.MoveStdlib]
source = { git = "https://github.com/one-chain-labs/onechain.git", subdir = "crates/sui-framework/packages/move-stdlib", rev = "c7bdbfd526f14b583eda57b18cdc14d8f390e826" }
use_environment = "mainnet"
manifest_digest = "C4FE4C91DE74CBF223B2E380AE40F592177D21870DC2D7EB6227D2D694E05363"
deps = {}

[pinned.mainnet.One]
source = { git = "https://github.com/one-chain-labs/onechain.git", subdir = "crates/sui-framework/packages/one-framework", rev = "c7bdbfd526f14b583eda57b18cdc14d8f390e826" }
use_environment = "mainnet"
manifest_digest = "CD547CB1ACCE0880C835DAED2D8FFCB91D56C833AE5240D3AA5B918398263195"
deps = { MoveStdlib = "MoveStdlib" }

[pinned.mainnet.amongNadsMove]
source = { root = true }
use_environment = "mainnet"
manifest_digest = "CA67422F8CD556ED4926DDA3475ADDEB5D0AC6721F0B22FD83F44D335D738BB8"
deps = { MoveStdlib = "MoveStdlib", One = "One" }

[pinned.onechain-testnet.MoveStdlib]
source = { git = "https://github.com/MystenLabs/sui.git", subdir = "crates/sui-framework/packages/move-stdlib", rev = "03cf0fbaa21f4697ba40b17ff0cfb58377a50a45" }
use_environment = "onechain-testnet"
manifest_digest = "C4FE4C91DE74CBF223B2E380AE40F592177D21870DC2D7EB6227D2D694E05363"
deps = {}

[pinned.onechain-testnet.Sui]
source = { git = "https://github.com/MystenLabs/sui.git", subdir = "crates/sui-framework/packages/sui-framework", rev = "03cf0fbaa21f4697ba40b17ff0cfb58377a50a45" }
use_environment = "onechain-testnet"
manifest_digest = "B227C7BD49F13CF776FDDDE3EA5BF91A3D826A0FCD8B886C605F77B476AC6C4A"
deps = { MoveStdlib = "MoveStdlib" }

[pinned.onechain-testnet.amongNadsMove]
source = { root = true }
use_environment = "onechain-testnet"
manifest_digest = "F3DBEEFA7372605AE219E9EA9784207BEB1F88A9EBBFBB50A20A5A8F0C2EAF38"
deps = { MoveStdlib = "MoveStdlib", Sui = "Sui" }

[pinned.testnet.MoveStdlib]
source = { git = "https://github.com/one-chain-labs/onechain.git", subdir = "crates/sui-framework/packages/move-stdlib", rev = "c7bdbfd526f14b583eda57b18cdc14d8f390e826" }
use_environment = "testnet"
manifest_digest = "C4FE4C91DE74CBF223B2E380AE40F592177D21870DC2D7EB6227D2D694E05363"
deps = {}

[pinned.testnet.One]
source = { git = "https://github.com/one-chain-labs/onechain.git", subdir = "crates/sui-framework/packages/one-framework", rev = "c7bdbfd526f14b583eda57b18cdc14d8f390e826" }
use_environment = "testnet"
manifest_digest = "7AFB66695545775FBFBB2D3078ADFD084244D5002392E837FDE21D9EA1C6D01C"
deps = { MoveStdlib = "MoveStdlib" }

[pinned.testnet.amongNadsMove]
source = { root = true }
use_environment = "testnet"
manifest_digest = "656F502DE8AF855E2B0B9B3B65A5DC05E9078B188A28B12778A176CC40D97E41"
deps = { MoveStdlib = "MoveStdlib", One = "One" }
